
Microsoft Visual Studio Solution File, Format Version 11.00
# Visual Studio 2010
Project("{FAE04EC0-301F-11D3-BF4B-00C04F79EFBC}") = "Main", "Main\Main.csproj", "{031F1797-E5EC-4B2A-BFA9-E1907639F2BF}"
	ProjectSection(ProjectDependencies) = postProject
		{87A00D65-3291-4BEA-9738-5C844923BD91} = {87A00D65-3291-4BEA-9738-5C844923BD91}
		{58CA4E6B-3C2C-44EB-B7A9-28FC9B4B5E09} = {58CA4E6B-3C2C-44EB-B7A9-28FC9B4B5E09}
		{5DB12775-A1C5-4E2E-A77F-E60DC2FEDEE2} = {5DB12775-A1C5-4E2E-A77F-E60DC2FEDEE2}
		{15B6D79C-A72F-4A30-A563-EAADB492E5E5} = {15B6D79C-A72F-4A30-A563-EAADB492E5E5}
	EndProjectSection
EndProject
Project("{FAE04EC0-301F-11D3-BF4B-00C04F79EFBC}") = "Forms", "Forms\Forms.csproj", "{58CA4E6B-3C2C-44EB-B7A9-28FC9B4B5E09}"
	ProjectSection(ProjectDependencies) = postProject
		{87A00D65-3291-4BEA-9738-5C844923BD91} = {87A00D65-3291-4BEA-9738-5C844923BD91}
	EndProjectSection
EndProject
Project("{FAE04EC0-301F-11D3-BF4B-00C04F79EFBC}") = "Library", "Library\Library.csproj", "{5DB12775-A1C5-4E2E-A77F-E60DC2FEDEE2}"
	ProjectSection(ProjectDependencies) = postProject
		{87A00D65-3291-4BEA-9738-5C844923BD91} = {87A00D65-3291-4BEA-9738-5C844923BD91}
		{3F0A16C7-7EFE-403F-B1C1-D11528B3D507} = {3F0A16C7-7EFE-403F-B1C1-D11528B3D507}
	EndProjectSection
EndProject
Project("{FAE04EC0-301F-11D3-BF4B-00C04F79EFBC}") = "Reports", "Reports\Reports.csproj", "{15B6D79C-A72F-4A30-A563-EAADB492E5E5}"
	ProjectSection(ProjectDependencies) = postProject
		{5DB12775-A1C5-4E2E-A77F-E60DC2FEDEE2} = {5DB12775-A1C5-4E2E-A77F-E60DC2FEDEE2}
		{3F0A16C7-7EFE-403F-B1C1-D11528B3D507} = {3F0A16C7-7EFE-403F-B1C1-D11528B3D507}
	EndProjectSection
EndProject
Project("{FAE04EC0-301F-11D3-BF4B-00C04F79EFBC}") = "Resources", "Resources\Resources.csproj", "{87A00D65-3291-4BEA-9738-5C844923BD91}"
EndProject
Project("{FAE04EC0-301F-11D3-BF4B-00C04F79EFBC}") = "Connection", "Connection\Connection.csproj", "{3F0A16C7-7EFE-403F-B1C1-D11528B3D507}"
EndProject
Project("{FAE04EC0-301F-11D3-BF4B-00C04F79EFBC}") = "MatrixReporter", "MatrixReporter\MatrixReporter.csproj", "{75E5AD01-8B67-4C04-80EA-C806AD14D369}"
EndProject
Project("{FAE04EC0-301F-11D3-BF4B-00C04F79EFBC}") = "Restore", "Restore\Restore.csproj", "{E59E1EC8-AE79-4A7D-B937-389AF10E2D25}"
EndProject
Project("{54435603-DBB4-11D2-8724-00A0C9A8B90C}") = "Setup", "Setup\Setup.vdproj", "{708C9CA4-5E88-4AA9-89FF-90DAB25653B4}"
EndProject
Project("{FAE04EC0-301F-11D3-BF4B-00C04F79EFBC}") = "wpfforms", "wpfforms\wpfforms.csproj", "{5324E26C-6C34-4D28-B55B-DCFAD5312D5A}"
EndProject
Global
	GlobalSection(TestCaseManagementSettings) = postSolution
		CategoryFile = easysystem.vsmdi
	EndGlobalSection
	GlobalSection(SolutionConfigurationPlatforms) = preSolution
		CD_ROM|Any CPU = CD_ROM|Any CPU
		CD_ROM|Mixed Platforms = CD_ROM|Mixed Platforms
		CD_ROM|x86 = CD_ROM|x86
		Debug|Any CPU = Debug|Any CPU
		Debug|Mixed Platforms = Debug|Mixed Platforms
		Debug|x86 = Debug|x86
		DVD-5|Any CPU = DVD-5|Any CPU
		DVD-5|Mixed Platforms = DVD-5|Mixed Platforms
		DVD-5|x86 = DVD-5|x86
		Release|Any CPU = Release|Any CPU
		Release|Mixed Platforms = Release|Mixed Platforms
		Release|x86 = Release|x86
		SingleImage|Any CPU = SingleImage|Any CPU
		SingleImage|Mixed Platforms = SingleImage|Mixed Platforms
		SingleImage|x86 = SingleImage|x86
		teste|Any CPU = teste|Any CPU
		teste|Mixed Platforms = teste|Mixed Platforms
		teste|x86 = teste|x86
	EndGlobalSection
	GlobalSection(ProjectConfigurationPlatforms) = postSolution
		{031F1797-E5EC-4B2A-BFA9-E1907639F2BF}.CD_ROM|Any CPU.ActiveCfg = Release|x86
		{031F1797-E5EC-4B2A-BFA9-E1907639F2BF}.CD_ROM|Mixed Platforms.ActiveCfg = Release|x86
		{031F1797-E5EC-4B2A-BFA9-E1907639F2BF}.CD_ROM|Mixed Platforms.Build.0 = Release|x86
		{031F1797-E5EC-4B2A-BFA9-E1907639F2BF}.CD_ROM|x86.ActiveCfg = Release|x86
		{031F1797-E5EC-4B2A-BFA9-E1907639F2BF}.CD_ROM|x86.Build.0 = Release|x86
		{031F1797-E5EC-4B2A-BFA9-E1907639F2BF}.Debug|Any CPU.ActiveCfg = Debug|x86
		{031F1797-E5EC-4B2A-BFA9-E1907639F2BF}.Debug|Any CPU.Build.0 = Debug|x86
		{031F1797-E5EC-4B2A-BFA9-E1907639F2BF}.Debug|Mixed Platforms.ActiveCfg = Debug|x86
		{031F1797-E5EC-4B2A-BFA9-E1907639F2BF}.Debug|Mixed Platforms.Build.0 = Debug|x86
		{031F1797-E5EC-4B2A-BFA9-E1907639F2BF}.Debug|x86.ActiveCfg = Debug|x86
		{031F1797-E5EC-4B2A-BFA9-E1907639F2BF}.Debug|x86.Build.0 = Debug|x86
		{031F1797-E5EC-4B2A-BFA9-E1907639F2BF}.DVD-5|Any CPU.ActiveCfg = Debug|x86
		{031F1797-E5EC-4B2A-BFA9-E1907639F2BF}.DVD-5|Mixed Platforms.ActiveCfg = Debug|x86
		{031F1797-E5EC-4B2A-BFA9-E1907639F2BF}.DVD-5|Mixed Platforms.Build.0 = Debug|x86
		{031F1797-E5EC-4B2A-BFA9-E1907639F2BF}.DVD-5|x86.ActiveCfg = Debug|x86
		{031F1797-E5EC-4B2A-BFA9-E1907639F2BF}.DVD-5|x86.Build.0 = Debug|x86
		{031F1797-E5EC-4B2A-BFA9-E1907639F2BF}.Release|Any CPU.ActiveCfg = Release|x86
		{031F1797-E5EC-4B2A-BFA9-E1907639F2BF}.Release|Any CPU.Build.0 = Release|x86
		{031F1797-E5EC-4B2A-BFA9-E1907639F2BF}.Release|Mixed Platforms.ActiveCfg = Release|x86
		{031F1797-E5EC-4B2A-BFA9-E1907639F2BF}.Release|Mixed Platforms.Build.0 = Release|x86
		{031F1797-E5EC-4B2A-BFA9-E1907639F2BF}.Release|x86.ActiveCfg = Release|x86
		{031F1797-E5EC-4B2A-BFA9-E1907639F2BF}.Release|x86.Build.0 = Release|x86
		{031F1797-E5EC-4B2A-BFA9-E1907639F2BF}.SingleImage|Any CPU.ActiveCfg = Release|x86
		{031F1797-E5EC-4B2A-BFA9-E1907639F2BF}.SingleImage|Mixed Platforms.ActiveCfg = Release|x86
		{031F1797-E5EC-4B2A-BFA9-E1907639F2BF}.SingleImage|Mixed Platforms.Build.0 = Release|x86
		{031F1797-E5EC-4B2A-BFA9-E1907639F2BF}.SingleImage|x86.ActiveCfg = Release|x86
		{031F1797-E5EC-4B2A-BFA9-E1907639F2BF}.SingleImage|x86.Build.0 = Release|x86
		{031F1797-E5EC-4B2A-BFA9-E1907639F2BF}.teste|Any CPU.ActiveCfg = teste|x86
		{031F1797-E5EC-4B2A-BFA9-E1907639F2BF}.teste|Any CPU.Build.0 = teste|x86
		{031F1797-E5EC-4B2A-BFA9-E1907639F2BF}.teste|Mixed Platforms.ActiveCfg = Debug|x86
		{031F1797-E5EC-4B2A-BFA9-E1907639F2BF}.teste|Mixed Platforms.Build.0 = Debug|x86
		{031F1797-E5EC-4B2A-BFA9-E1907639F2BF}.teste|x86.ActiveCfg = teste|x86
		{031F1797-E5EC-4B2A-BFA9-E1907639F2BF}.teste|x86.Build.0 = teste|x86
		{58CA4E6B-3C2C-44EB-B7A9-28FC9B4B5E09}.CD_ROM|Any CPU.ActiveCfg = Release|Any CPU
		{58CA4E6B-3C2C-44EB-B7A9-28FC9B4B5E09}.CD_ROM|Any CPU.Build.0 = Release|Any CPU
		{58CA4E6B-3C2C-44EB-B7A9-28FC9B4B5E09}.CD_ROM|Mixed Platforms.ActiveCfg = Release|Any CPU
		{58CA4E6B-3C2C-44EB-B7A9-28FC9B4B5E09}.CD_ROM|Mixed Platforms.Build.0 = Release|Any CPU
		{58CA4E6B-3C2C-44EB-B7A9-28FC9B4B5E09}.CD_ROM|x86.ActiveCfg = Release|Any CPU
		{58CA4E6B-3C2C-44EB-B7A9-28FC9B4B5E09}.Debug|Any CPU.ActiveCfg = Debug|Any CPU
		{58CA4E6B-3C2C-44EB-B7A9-28FC9B4B5E09}.Debug|Any CPU.Build.0 = Debug|Any CPU
		{58CA4E6B-3C2C-44EB-B7A9-28FC9B4B5E09}.Debug|Mixed Platforms.ActiveCfg = Debug|Any CPU
		{58CA4E6B-3C2C-44EB-B7A9-28FC9B4B5E09}.Debug|Mixed Platforms.Build.0 = Debug|Any CPU
		{58CA4E6B-3C2C-44EB-B7A9-28FC9B4B5E09}.Debug|x86.ActiveCfg = Debug|Any CPU
		{58CA4E6B-3C2C-44EB-B7A9-28FC9B4B5E09}.Debug|x86.Build.0 = Debug|Any CPU
		{58CA4E6B-3C2C-44EB-B7A9-28FC9B4B5E09}.DVD-5|Any CPU.ActiveCfg = Debug|Any CPU
		{58CA4E6B-3C2C-44EB-B7A9-28FC9B4B5E09}.DVD-5|Any CPU.Build.0 = Debug|Any CPU
		{58CA4E6B-3C2C-44EB-B7A9-28FC9B4B5E09}.DVD-5|Mixed Platforms.ActiveCfg = Debug|Any CPU
		{58CA4E6B-3C2C-44EB-B7A9-28FC9B4B5E09}.DVD-5|Mixed Platforms.Build.0 = Debug|Any CPU
		{58CA4E6B-3C2C-44EB-B7A9-28FC9B4B5E09}.DVD-5|x86.ActiveCfg = Debug|Any CPU
		{58CA4E6B-3C2C-44EB-B7A9-28FC9B4B5E09}.Release|Any CPU.ActiveCfg = Release|Any CPU
		{58CA4E6B-3C2C-44EB-B7A9-28FC9B4B5E09}.Release|Any CPU.Build.0 = Release|Any CPU
		{58CA4E6B-3C2C-44EB-B7A9-28FC9B4B5E09}.Release|Mixed Platforms.ActiveCfg = Release|Any CPU
		{58CA4E6B-3C2C-44EB-B7A9-28FC9B4B5E09}.Release|Mixed Platforms.Build.0 = Release|Any CPU
		{58CA4E6B-3C2C-44EB-B7A9-28FC9B4B5E09}.Release|x86.ActiveCfg = Release|Any CPU
		{58CA4E6B-3C2C-44EB-B7A9-28FC9B4B5E09}.SingleImage|Any CPU.ActiveCfg = Release|Any CPU
		{58CA4E6B-3C2C-44EB-B7A9-28FC9B4B5E09}.SingleImage|Any CPU.Build.0 = Release|Any CPU
		{58CA4E6B-3C2C-44EB-B7A9-28FC9B4B5E09}.SingleImage|Mixed Platforms.ActiveCfg = Release|Any CPU
		{58CA4E6B-3C2C-44EB-B7A9-28FC9B4B5E09}.SingleImage|Mixed Platforms.Build.0 = Release|Any CPU
		{58CA4E6B-3C2C-44EB-B7A9-28FC9B4B5E09}.SingleImage|x86.ActiveCfg = Release|Any CPU
		{58CA4E6B-3C2C-44EB-B7A9-28FC9B4B5E09}.teste|Any CPU.ActiveCfg = Release|Any CPU
		{58CA4E6B-3C2C-44EB-B7A9-28FC9B4B5E09}.teste|Any CPU.Build.0 = Release|Any CPU
		{58CA4E6B-3C2C-44EB-B7A9-28FC9B4B5E09}.teste|Mixed Platforms.ActiveCfg = Release|Any CPU
		{58CA4E6B-3C2C-44EB-B7A9-28FC9B4B5E09}.teste|Mixed Platforms.Build.0 = Release|Any CPU
		{58CA4E6B-3C2C-44EB-B7A9-28FC9B4B5E09}.teste|x86.ActiveCfg = Release|Any CPU
		{5DB12775-A1C5-4E2E-A77F-E60DC2FEDEE2}.CD_ROM|Any CPU.ActiveCfg = Release|Any CPU
		{5DB12775-A1C5-4E2E-A77F-E60DC2FEDEE2}.CD_ROM|Any CPU.Build.0 = Release|Any CPU
		{5DB12775-A1C5-4E2E-A77F-E60DC2FEDEE2}.CD_ROM|Mixed Platforms.ActiveCfg = Release|Any CPU
		{5DB12775-A1C5-4E2E-A77F-E60DC2FEDEE2}.CD_ROM|Mixed Platforms.Build.0 = Release|Any CPU
		{5DB12775-A1C5-4E2E-A77F-E60DC2FEDEE2}.CD_ROM|x86.ActiveCfg = Release|Any CPU
		{5DB12775-A1C5-4E2E-A77F-E60DC2FEDEE2}.Debug|Any CPU.ActiveCfg = Debug|Any CPU
		{5DB12775-A1C5-4E2E-A77F-E60DC2FEDEE2}.Debug|Any CPU.Build.0 = Debug|Any CPU
		{5DB12775-A1C5-4E2E-A77F-E60DC2FEDEE2}.Debug|Mixed Platforms.ActiveCfg = Debug|Any CPU
		{5DB12775-A1C5-4E2E-A77F-E60DC2FEDEE2}.Debug|Mixed Platforms.Build.0 = Debug|Any CPU
		{5DB12775-A1C5-4E2E-A77F-E60DC2FEDEE2}.Debug|x86.ActiveCfg = Debug|Any CPU
		{5DB12775-A1C5-4E2E-A77F-E60DC2FEDEE2}.Debug|x86.Build.0 = Debug|Any CPU
		{5DB12775-A1C5-4E2E-A77F-E60DC2FEDEE2}.DVD-5|Any CPU.ActiveCfg = Debug|Any CPU
		{5DB12775-A1C5-4E2E-A77F-E60DC2FEDEE2}.DVD-5|Any CPU.Build.0 = Debug|Any CPU
		{5DB12775-A1C5-4E2E-A77F-E60DC2FEDEE2}.DVD-5|Mixed Platforms.ActiveCfg = Debug|Any CPU
		{5DB12775-A1C5-4E2E-A77F-E60DC2FEDEE2}.DVD-5|Mixed Platforms.Build.0 = Debug|Any CPU
		{5DB12775-A1C5-4E2E-A77F-E60DC2FEDEE2}.DVD-5|x86.ActiveCfg = Debug|Any CPU
		{5DB12775-A1C5-4E2E-A77F-E60DC2FEDEE2}.Release|Any CPU.ActiveCfg = Release|Any CPU
		{5DB12775-A1C5-4E2E-A77F-E60DC2FEDEE2}.Release|Any CPU.Build.0 = Release|Any CPU
		{5DB12775-A1C5-4E2E-A77F-E60DC2FEDEE2}.Release|Mixed Platforms.ActiveCfg = Release|Any CPU
		{5DB12775-A1C5-4E2E-A77F-E60DC2FEDEE2}.Release|Mixed Platforms.Build.0 = Release|Any CPU
		{5DB12775-A1C5-4E2E-A77F-E60DC2FEDEE2}.Release|x86.ActiveCfg = Release|Any CPU
		{5DB12775-A1C5-4E2E-A77F-E60DC2FEDEE2}.SingleImage|Any CPU.ActiveCfg = Release|Any CPU
		{5DB12775-A1C5-4E2E-A77F-E60DC2FEDEE2}.SingleImage|Any CPU.Build.0 = Release|Any CPU
		{5DB12775-A1C5-4E2E-A77F-E60DC2FEDEE2}.SingleImage|Mixed Platforms.ActiveCfg = Release|Any CPU
		{5DB12775-A1C5-4E2E-A77F-E60DC2FEDEE2}.SingleImage|Mixed Platforms.Build.0 = Release|Any CPU
		{5DB12775-A1C5-4E2E-A77F-E60DC2FEDEE2}.SingleImage|x86.ActiveCfg = Release|Any CPU
		{5DB12775-A1C5-4E2E-A77F-E60DC2FEDEE2}.teste|Any CPU.ActiveCfg = Release|Any CPU
		{5DB12775-A1C5-4E2E-A77F-E60DC2FEDEE2}.teste|Any CPU.Build.0 = Release|Any CPU
		{5DB12775-A1C5-4E2E-A77F-E60DC2FEDEE2}.teste|Mixed Platforms.ActiveCfg = Release|Any CPU
		{5DB12775-A1C5-4E2E-A77F-E60DC2FEDEE2}.teste|Mixed Platforms.Build.0 = Release|Any CPU
		{5DB12775-A1C5-4E2E-A77F-E60DC2FEDEE2}.teste|x86.ActiveCfg = Release|Any CPU
		{15B6D79C-A72F-4A30-A563-EAADB492E5E5}.CD_ROM|Any CPU.ActiveCfg = Release|Any CPU
		{15B6D79C-A72F-4A30-A563-EAADB492E5E5}.CD_ROM|Any CPU.Build.0 = Release|Any CPU
		{15B6D79C-A72F-4A30-A563-EAADB492E5E5}.CD_ROM|Mixed Platforms.ActiveCfg = Release|Any CPU
		{15B6D79C-A72F-4A30-A563-EAADB492E5E5}.CD_ROM|Mixed Platforms.Build.0 = Release|Any CPU
		{15B6D79C-A72F-4A30-A563-EAADB492E5E5}.CD_ROM|x86.ActiveCfg = Release|Any CPU
		{15B6D79C-A72F-4A30-A563-EAADB492E5E5}.Debug|Any CPU.ActiveCfg = Debug|Any CPU
		{15B6D79C-A72F-4A30-A563-EAADB492E5E5}.Debug|Any CPU.Build.0 = Debug|Any CPU
		{15B6D79C-A72F-4A30-A563-EAADB492E5E5}.Debug|Mixed Platforms.ActiveCfg = Debug|Any CPU
		{15B6D79C-A72F-4A30-A563-EAADB492E5E5}.Debug|Mixed Platforms.Build.0 = Debug|Any CPU
		{15B6D79C-A72F-4A30-A563-EAADB492E5E5}.Debug|x86.ActiveCfg = Debug|Any CPU
		{15B6D79C-A72F-4A30-A563-EAADB492E5E5}.Debug|x86.Build.0 = Debug|Any CPU
		{15B6D79C-A72F-4A30-A563-EAADB492E5E5}.DVD-5|Any CPU.ActiveCfg = Debug|Any CPU
		{15B6D79C-A72F-4A30-A563-EAADB492E5E5}.DVD-5|Any CPU.Build.0 = Debug|Any CPU
		{15B6D79C-A72F-4A30-A563-EAADB492E5E5}.DVD-5|Mixed Platforms.ActiveCfg = Debug|Any CPU
		{15B6D79C-A72F-4A30-A563-EAADB492E5E5}.DVD-5|Mixed Platforms.Build.0 = Debug|Any CPU
		{15B6D79C-A72F-4A30-A563-EAADB492E5E5}.DVD-5|x86.ActiveCfg = Debug|Any CPU
		{15B6D79C-A72F-4A30-A563-EAADB492E5E5}.Release|Any CPU.ActiveCfg = Release|Any CPU
		{15B6D79C-A72F-4A30-A563-EAADB492E5E5}.Release|Any CPU.Build.0 = Release|Any CPU
		{15B6D79C-A72F-4A30-A563-EAADB492E5E5}.Release|Mixed Platforms.ActiveCfg = Release|Any CPU
		{15B6D79C-A72F-4A30-A563-EAADB492E5E5}.Release|Mixed Platforms.Build.0 = Release|Any CPU
		{15B6D79C-A72F-4A30-A563-EAADB492E5E5}.Release|x86.ActiveCfg = Release|Any CPU
		{15B6D79C-A72F-4A30-A563-EAADB492E5E5}.SingleImage|Any CPU.ActiveCfg = Release|Any CPU
		{15B6D79C-A72F-4A30-A563-EAADB492E5E5}.SingleImage|Any CPU.Build.0 = Release|Any CPU
		{15B6D79C-A72F-4A30-A563-EAADB492E5E5}.SingleImage|Mixed Platforms.ActiveCfg = Release|Any CPU
		{15B6D79C-A72F-4A30-A563-EAADB492E5E5}.SingleImage|Mixed Platforms.Build.0 = Release|Any CPU
		{15B6D79C-A72F-4A30-A563-EAADB492E5E5}.SingleImage|x86.ActiveCfg = Release|Any CPU
		{15B6D79C-A72F-4A30-A563-EAADB492E5E5}.teste|Any CPU.ActiveCfg = Release|Any CPU
		{15B6D79C-A72F-4A30-A563-EAADB492E5E5}.teste|Any CPU.Build.0 = Release|Any CPU
		{15B6D79C-A72F-4A30-A563-EAADB492E5E5}.teste|Mixed Platforms.ActiveCfg = Release|Any CPU
		{15B6D79C-A72F-4A30-A563-EAADB492E5E5}.teste|Mixed Platforms.Build.0 = Release|Any CPU
		{15B6D79C-A72F-4A30-A563-EAADB492E5E5}.teste|x86.ActiveCfg = Release|Any CPU
		{87A00D65-3291-4BEA-9738-5C844923BD91}.CD_ROM|Any CPU.ActiveCfg = Release|Any CPU
		{87A00D65-3291-4BEA-9738-5C844923BD91}.CD_ROM|Any CPU.Build.0 = Release|Any CPU
		{87A00D65-3291-4BEA-9738-5C844923BD91}.CD_ROM|Mixed Platforms.ActiveCfg = Release|Any CPU
		{87A00D65-3291-4BEA-9738-5C844923BD91}.CD_ROM|Mixed Platforms.Build.0 = Release|Any CPU
		{87A00D65-3291-4BEA-9738-5C844923BD91}.CD_ROM|x86.ActiveCfg = Release|Any CPU
		{87A00D65-3291-4BEA-9738-5C844923BD91}.Debug|Any CPU.ActiveCfg = Debug|Any CPU
		{87A00D65-3291-4BEA-9738-5C844923BD91}.Debug|Any CPU.Build.0 = Debug|Any CPU
		{87A00D65-3291-4BEA-9738-5C844923BD91}.Debug|Mixed Platforms.ActiveCfg = Debug|Any CPU
		{87A00D65-3291-4BEA-9738-5C844923BD91}.Debug|Mixed Platforms.Build.0 = Debug|Any CPU
		{87A00D65-3291-4BEA-9738-5C844923BD91}.Debug|x86.ActiveCfg = Debug|Any CPU
		{87A00D65-3291-4BEA-9738-5C844923BD91}.Debug|x86.Build.0 = Debug|Any CPU
		{87A00D65-3291-4BEA-9738-5C844923BD91}.DVD-5|Any CPU.ActiveCfg = Debug|Any CPU
		{87A00D65-3291-4BEA-9738-5C844923BD91}.DVD-5|Any CPU.Build.0 = Debug|Any CPU
		{87A00D65-3291-4BEA-9738-5C844923BD91}.DVD-5|Mixed Platforms.ActiveCfg = Debug|Any CPU
		{87A00D65-3291-4BEA-9738-5C844923BD91}.DVD-5|Mixed Platforms.Build.0 = Debug|Any CPU
		{87A00D65-3291-4BEA-9738-5C844923BD91}.DVD-5|x86.ActiveCfg = Debug|Any CPU
		{87A00D65-3291-4BEA-9738-5C844923BD91}.Release|Any CPU.ActiveCfg = Release|Any CPU
		{87A00D65-3291-4BEA-9738-5C844923BD91}.Release|Any CPU.Build.0 = Release|Any CPU
		{87A00D65-3291-4BEA-9738-5C844923BD91}.Release|Mixed Platforms.ActiveCfg = Release|Any CPU
		{87A00D65-3291-4BEA-9738-5C844923BD91}.Release|Mixed Platforms.Build.0 = Release|Any CPU
		{87A00D65-3291-4BEA-9738-5C844923BD91}.Release|x86.ActiveCfg = Release|Any CPU
		{87A00D65-3291-4BEA-9738-5C844923BD91}.SingleImage|Any CPU.ActiveCfg = Release|Any CPU
		{87A00D65-3291-4BEA-9738-5C844923BD91}.SingleImage|Any CPU.Build.0 = Release|Any CPU
		{87A00D65-3291-4BEA-9738-5C844923BD91}.SingleImage|Mixed Platforms.ActiveCfg = Release|Any CPU
		{87A00D65-3291-4BEA-9738-5C844923BD91}.SingleImage|Mixed Platforms.Build.0 = Release|Any CPU
		{87A00D65-3291-4BEA-9738-5C844923BD91}.SingleImage|x86.ActiveCfg = Release|Any CPU
		{87A00D65-3291-4BEA-9738-5C844923BD91}.teste|Any CPU.ActiveCfg = Release|Any CPU
		{87A00D65-3291-4BEA-9738-5C844923BD91}.teste|Any CPU.Build.0 = Release|Any CPU
		{87A00D65-3291-4BEA-9738-5C844923BD91}.teste|Mixed Platforms.ActiveCfg = Release|Any CPU
		{87A00D65-3291-4BEA-9738-5C844923BD91}.teste|Mixed Platforms.Build.0 = Release|Any CPU
		{87A00D65-3291-4BEA-9738-5C844923BD91}.teste|x86.ActiveCfg = Release|Any CPU
		{3F0A16C7-7EFE-403F-B1C1-D11528B3D507}.CD_ROM|Any CPU.ActiveCfg = Release|Any CPU
		{3F0A16C7-7EFE-403F-B1C1-D11528B3D507}.CD_ROM|Any CPU.Build.0 = Release|Any CPU
		{3F0A16C7-7EFE-403F-B1C1-D11528B3D507}.CD_ROM|Mixed Platforms.ActiveCfg = Release|Any CPU
		{3F0A16C7-7EFE-403F-B1C1-D11528B3D507}.CD_ROM|Mixed Platforms.Build.0 = Release|Any CPU
		{3F0A16C7-7EFE-403F-B1C1-D11528B3D507}.CD_ROM|x86.ActiveCfg = Release|Any CPU
		{3F0A16C7-7EFE-403F-B1C1-D11528B3D507}.Debug|Any CPU.ActiveCfg = Debug|Any CPU
		{3F0A16C7-7EFE-403F-B1C1-D11528B3D507}.Debug|Any CPU.Build.0 = Debug|Any CPU
		{3F0A16C7-7EFE-403F-B1C1-D11528B3D507}.Debug|Mixed Platforms.ActiveCfg = Debug|Any CPU
		{3F0A16C7-7EFE-403F-B1C1-D11528B3D507}.Debug|Mixed Platforms.Build.0 = Debug|Any CPU
		{3F0A16C7-7EFE-403F-B1C1-D11528B3D507}.Debug|x86.ActiveCfg = Debug|Any CPU
		{3F0A16C7-7EFE-403F-B1C1-D11528B3D507}.Debug|x86.Build.0 = Debug|Any CPU
		{3F0A16C7-7EFE-403F-B1C1-D11528B3D507}.DVD-5|Any CPU.ActiveCfg = Debug|Any CPU
		{3F0A16C7-7EFE-403F-B1C1-D11528B3D507}.DVD-5|Any CPU.Build.0 = Debug|Any CPU
		{3F0A16C7-7EFE-403F-B1C1-D11528B3D507}.DVD-5|Mixed Platforms.ActiveCfg = Debug|Any CPU
		{3F0A16C7-7EFE-403F-B1C1-D11528B3D507}.DVD-5|Mixed Platforms.Build.0 = Debug|Any CPU
		{3F0A16C7-7EFE-403F-B1C1-D11528B3D507}.DVD-5|x86.ActiveCfg = Debug|Any CPU
		{3F0A16C7-7EFE-403F-B1C1-D11528B3D507}.Release|Any CPU.ActiveCfg = Release|Any CPU
		{3F0A16C7-7EFE-403F-B1C1-D11528B3D507}.Release|Any CPU.Build.0 = Release|Any CPU
		{3F0A16C7-7EFE-403F-B1C1-D11528B3D507}.Release|Mixed Platforms.ActiveCfg = Release|Any CPU
		{3F0A16C7-7EFE-403F-B1C1-D11528B3D507}.Release|Mixed Platforms.Build.0 = Release|Any CPU
		{3F0A16C7-7EFE-403F-B1C1-D11528B3D507}.Release|x86.ActiveCfg = Release|Any CPU
		{3F0A16C7-7EFE-403F-B1C1-D11528B3D507}.SingleImage|Any CPU.ActiveCfg = Release|Any CPU
		{3F0A16C7-7EFE-403F-B1C1-D11528B3D507}.SingleImage|Any CPU.Build.0 = Release|Any CPU
		{3F0A16C7-7EFE-403F-B1C1-D11528B3D507}.SingleImage|Mixed Platforms.ActiveCfg = Release|Any CPU
		{3F0A16C7-7EFE-403F-B1C1-D11528B3D507}.SingleImage|Mixed Platforms.Build.0 = Release|Any CPU
		{3F0A16C7-7EFE-403F-B1C1-D11528B3D507}.SingleImage|x86.ActiveCfg = Release|Any CPU
		{3F0A16C7-7EFE-403F-B1C1-D11528B3D507}.teste|Any CPU.ActiveCfg = Release|Any CPU
		{3F0A16C7-7EFE-403F-B1C1-D11528B3D507}.teste|Any CPU.Build.0 = Release|Any CPU
		{3F0A16C7-7EFE-403F-B1C1-D11528B3D507}.teste|Mixed Platforms.ActiveCfg = Release|Any CPU
		{3F0A16C7-7EFE-403F-B1C1-D11528B3D507}.teste|Mixed Platforms.Build.0 = Release|Any CPU
		{3F0A16C7-7EFE-403F-B1C1-D11528B3D507}.teste|x86.ActiveCfg = Release|Any CPU
		{75E5AD01-8B67-4C04-80EA-C806AD14D369}.CD_ROM|Any CPU.ActiveCfg = Release|Any CPU
		{75E5AD01-8B67-4C04-80EA-C806AD14D369}.CD_ROM|Any CPU.Build.0 = Release|Any CPU
		{75E5AD01-8B67-4C04-80EA-C806AD14D369}.CD_ROM|Mixed Platforms.ActiveCfg = Release|Any CPU
		{75E5AD01-8B67-4C04-80EA-C806AD14D369}.CD_ROM|Mixed Platforms.Build.0 = Release|Any CPU
		{75E5AD01-8B67-4C04-80EA-C806AD14D369}.CD_ROM|x86.ActiveCfg = Release|Any CPU
		{75E5AD01-8B67-4C04-80EA-C806AD14D369}.Debug|Any CPU.ActiveCfg = Debug|Any CPU
		{75E5AD01-8B67-4C04-80EA-C806AD14D369}.Debug|Any CPU.Build.0 = Debug|Any CPU
		{75E5AD01-8B67-4C04-80EA-C806AD14D369}.Debug|Mixed Platforms.ActiveCfg = Debug|Any CPU
		{75E5AD01-8B67-4C04-80EA-C806AD14D369}.Debug|Mixed Platforms.Build.0 = Debug|Any CPU
		{75E5AD01-8B67-4C04-80EA-C806AD14D369}.Debug|x86.ActiveCfg = Debug|Any CPU
		{75E5AD01-8B67-4C04-80EA-C806AD14D369}.Debug|x86.Build.0 = Debug|Any CPU
		{75E5AD01-8B67-4C04-80EA-C806AD14D369}.DVD-5|Any CPU.ActiveCfg = Debug|Any CPU
		{75E5AD01-8B67-4C04-80EA-C806AD14D369}.DVD-5|Any CPU.Build.0 = Debug|Any CPU
		{75E5AD01-8B67-4C04-80EA-C806AD14D369}.DVD-5|Mixed Platforms.ActiveCfg = Debug|Any CPU
		{75E5AD01-8B67-4C04-80EA-C806AD14D369}.DVD-5|Mixed Platforms.Build.0 = Debug|Any CPU
		{75E5AD01-8B67-4C04-80EA-C806AD14D369}.DVD-5|x86.ActiveCfg = Debug|Any CPU
		{75E5AD01-8B67-4C04-80EA-C806AD14D369}.Release|Any CPU.ActiveCfg = Release|Any CPU
		{75E5AD01-8B67-4C04-80EA-C806AD14D369}.Release|Any CPU.Build.0 = Release|Any CPU
		{75E5AD01-8B67-4C04-80EA-C806AD14D369}.Release|Mixed Platforms.ActiveCfg = Release|Any CPU
		{75E5AD01-8B67-4C04-80EA-C806AD14D369}.Release|Mixed Platforms.Build.0 = Release|Any CPU
		{75E5AD01-8B67-4C04-80EA-C806AD14D369}.Release|x86.ActiveCfg = Release|Any CPU
		{75E5AD01-8B67-4C04-80EA-C806AD14D369}.SingleImage|Any CPU.ActiveCfg = Release|Any CPU
		{75E5AD01-8B67-4C04-80EA-C806AD14D369}.SingleImage|Any CPU.Build.0 = Release|Any CPU
		{75E5AD01-8B67-4C04-80EA-C806AD14D369}.SingleImage|Mixed Platforms.ActiveCfg = Release|Any CPU
		{75E5AD01-8B67-4C04-80EA-C806AD14D369}.SingleImage|Mixed Platforms.Build.0 = Release|Any CPU
		{75E5AD01-8B67-4C04-80EA-C806AD14D369}.SingleImage|x86.ActiveCfg = Release|Any CPU
		{75E5AD01-8B67-4C04-80EA-C806AD14D369}.teste|Any CPU.ActiveCfg = Release|Any CPU
		{75E5AD01-8B67-4C04-80EA-C806AD14D369}.teste|Any CPU.Build.0 = Release|Any CPU
		{75E5AD01-8B67-4C04-80EA-C806AD14D369}.teste|Mixed Platforms.ActiveCfg = Release|Any CPU
		{75E5AD01-8B67-4C04-80EA-C806AD14D369}.teste|Mixed Platforms.Build.0 = Release|Any CPU
		{75E5AD01-8B67-4C04-80EA-C806AD14D369}.teste|x86.ActiveCfg = Release|Any CPU
		{E59E1EC8-AE79-4A7D-B937-389AF10E2D25}.CD_ROM|Any CPU.ActiveCfg = Release|x86
		{E59E1EC8-AE79-4A7D-B937-389AF10E2D25}.CD_ROM|Mixed Platforms.ActiveCfg = Release|x86
		{E59E1EC8-AE79-4A7D-B937-389AF10E2D25}.CD_ROM|Mixed Platforms.Build.0 = Release|x86
		{E59E1EC8-AE79-4A7D-B937-389AF10E2D25}.CD_ROM|x86.ActiveCfg = Release|x86
		{E59E1EC8-AE79-4A7D-B937-389AF10E2D25}.CD_ROM|x86.Build.0 = Release|x86
		{E59E1EC8-AE79-4A7D-B937-389AF10E2D25}.Debug|Any CPU.ActiveCfg = Debug|x86
		{E59E1EC8-AE79-4A7D-B937-389AF10E2D25}.Debug|Mixed Platforms.ActiveCfg = Debug|x86
		{E59E1EC8-AE79-4A7D-B937-389AF10E2D25}.Debug|Mixed Platforms.Build.0 = Debug|x86
		{E59E1EC8-AE79-4A7D-B937-389AF10E2D25}.Debug|x86.ActiveCfg = Debug|x86
		{E59E1EC8-AE79-4A7D-B937-389AF10E2D25}.Debug|x86.Build.0 = Debug|x86
		{E59E1EC8-AE79-4A7D-B937-389AF10E2D25}.DVD-5|Any CPU.ActiveCfg = Debug|x86
		{E59E1EC8-AE79-4A7D-B937-389AF10E2D25}.DVD-5|Mixed Platforms.ActiveCfg = Debug|x86
		{E59E1EC8-AE79-4A7D-B937-389AF10E2D25}.DVD-5|Mixed Platforms.Build.0 = Debug|x86
		{E59E1EC8-AE79-4A7D-B937-389AF10E2D25}.DVD-5|x86.ActiveCfg = Debug|x86
		{E59E1EC8-AE79-4A7D-B937-389AF10E2D25}.DVD-5|x86.Build.0 = Debug|x86
		{E59E1EC8-AE79-4A7D-B937-389AF10E2D25}.Release|Any CPU.ActiveCfg = Release|x86
		{E59E1EC8-AE79-4A7D-B937-389AF10E2D25}.Release|Mixed Platforms.ActiveCfg = Release|x86
		{E59E1EC8-AE79-4A7D-B937-389AF10E2D25}.Release|Mixed Platforms.Build.0 = Release|x86
		{E59E1EC8-AE79-4A7D-B937-389AF10E2D25}.Release|x86.ActiveCfg = Release|x86
		{E59E1EC8-AE79-4A7D-B937-389AF10E2D25}.Release|x86.Build.0 = Release|x86
		{E59E1EC8-AE79-4A7D-B937-389AF10E2D25}.SingleImage|Any CPU.ActiveCfg = Release|x86
		{E59E1EC8-AE79-4A7D-B937-389AF10E2D25}.SingleImage|Mixed Platforms.ActiveCfg = Release|x86
		{E59E1EC8-AE79-4A7D-B937-389AF10E2D25}.SingleImage|Mixed Platforms.Build.0 = Release|x86
		{E59E1EC8-AE79-4A7D-B937-389AF10E2D25}.SingleImage|x86.ActiveCfg = Release|x86
		{E59E1EC8-AE79-4A7D-B937-389AF10E2D25}.SingleImage|x86.Build.0 = Release|x86
		{E59E1EC8-AE79-4A7D-B937-389AF10E2D25}.teste|Any CPU.ActiveCfg = Release|x86
		{E59E1EC8-AE79-4A7D-B937-389AF10E2D25}.teste|Mixed Platforms.ActiveCfg = Release|x86
		{E59E1EC8-AE79-4A7D-B937-389AF10E2D25}.teste|Mixed Platforms.Build.0 = Release|x86
		{E59E1EC8-AE79-4A7D-B937-389AF10E2D25}.teste|x86.ActiveCfg = Release|x86
		{E59E1EC8-AE79-4A7D-B937-389AF10E2D25}.teste|x86.Build.0 = Release|x86
		{708C9CA4-5E88-4AA9-89FF-90DAB25653B4}.CD_ROM|Any CPU.ActiveCfg = Release
		{708C9CA4-5E88-4AA9-89FF-90DAB25653B4}.CD_ROM|Mixed Platforms.ActiveCfg = Release
		{708C9CA4-5E88-4AA9-89FF-90DAB25653B4}.CD_ROM|x86.ActiveCfg = Release
		{708C9CA4-5E88-4AA9-89FF-90DAB25653B4}.Debug|Any CPU.ActiveCfg = Debug
		{708C9CA4-5E88-4AA9-89FF-90DAB25653B4}.Debug|Mixed Platforms.ActiveCfg = Debug
		{708C9CA4-5E88-4AA9-89FF-90DAB25653B4}.Debug|x86.ActiveCfg = Debug
		{708C9CA4-5E88-4AA9-89FF-90DAB25653B4}.DVD-5|Any CPU.ActiveCfg = Debug
		{708C9CA4-5E88-4AA9-89FF-90DAB25653B4}.DVD-5|Mixed Platforms.ActiveCfg = Debug
		{708C9CA4-5E88-4AA9-89FF-90DAB25653B4}.DVD-5|x86.ActiveCfg = Debug
		{708C9CA4-5E88-4AA9-89FF-90DAB25653B4}.Release|Any CPU.ActiveCfg = Release
		{708C9CA4-5E88-4AA9-89FF-90DAB25653B4}.Release|Mixed Platforms.ActiveCfg = Release
		{708C9CA4-5E88-4AA9-89FF-90DAB25653B4}.Release|x86.ActiveCfg = Release
		{708C9CA4-5E88-4AA9-89FF-90DAB25653B4}.SingleImage|Any CPU.ActiveCfg = Release
		{708C9CA4-5E88-4AA9-89FF-90DAB25653B4}.SingleImage|Mixed Platforms.ActiveCfg = Release
		{708C9CA4-5E88-4AA9-89FF-90DAB25653B4}.SingleImage|x86.ActiveCfg = Release
		{708C9CA4-5E88-4AA9-89FF-90DAB25653B4}.teste|Any CPU.ActiveCfg = Release
		{708C9CA4-5E88-4AA9-89FF-90DAB25653B4}.teste|Mixed Platforms.ActiveCfg = Release
		{708C9CA4-5E88-4AA9-89FF-90DAB25653B4}.teste|x86.ActiveCfg = Release
		{5324E26C-6C34-4D28-B55B-DCFAD5312D5A}.CD_ROM|Any CPU.ActiveCfg = Release|Any CPU
		{5324E26C-6C34-4D28-B55B-DCFAD5312D5A}.CD_ROM|Any CPU.Build.0 = Release|Any CPU
		{5324E26C-6C34-4D28-B55B-DCFAD5312D5A}.CD_ROM|Mixed Platforms.ActiveCfg = Release|Any CPU
		{5324E26C-6C34-4D28-B55B-DCFAD5312D5A}.CD_ROM|Mixed Platforms.Build.0 = Release|Any CPU
		{5324E26C-6C34-4D28-B55B-DCFAD5312D5A}.CD_ROM|x86.ActiveCfg = Release|Any CPU
		{5324E26C-6C34-4D28-B55B-DCFAD5312D5A}.Debug|Any CPU.ActiveCfg = Debug|Any CPU
		{5324E26C-6C34-4D28-B55B-DCFAD5312D5A}.Debug|Any CPU.Build.0 = Debug|Any CPU
		{5324E26C-6C34-4D28-B55B-DCFAD5312D5A}.Debug|Mixed Platforms.ActiveCfg = Debug|Any CPU
		{5324E26C-6C34-4D28-B55B-DCFAD5312D5A}.Debug|Mixed Platforms.Build.0 = Debug|Any CPU
		{5324E26C-6C34-4D28-B55B-DCFAD5312D5A}.Debug|x86.ActiveCfg = Debug|Any CPU
		{5324E26C-6C34-4D28-B55B-DCFAD5312D5A}.DVD-5|Any CPU.ActiveCfg = Debug|Any CPU
		{5324E26C-6C34-4D28-B55B-DCFAD5312D5A}.DVD-5|Any CPU.Build.0 = Debug|Any CPU
		{5324E26C-6C34-4D28-B55B-DCFAD5312D5A}.DVD-5|Mixed Platforms.ActiveCfg = Debug|Any CPU
		{5324E26C-6C34-4D28-B55B-DCFAD5312D5A}.DVD-5|Mixed Platforms.Build.0 = Debug|Any CPU
		{5324E26C-6C34-4D28-B55B-DCFAD5312D5A}.DVD-5|x86.ActiveCfg = Debug|Any CPU
		{5324E26C-6C34-4D28-B55B-DCFAD5312D5A}.Release|Any CPU.ActiveCfg = Release|Any CPU
		{5324E26C-6C34-4D28-B55B-DCFAD5312D5A}.Release|Any CPU.Build.0 = Release|Any CPU
		{5324E26C-6C34-4D28-B55B-DCFAD5312D5A}.Release|Mixed Platforms.ActiveCfg = Release|Any CPU
		{5324E26C-6C34-4D28-B55B-DCFAD5312D5A}.Release|Mixed Platforms.Build.0 = Release|Any CPU
		{5324E26C-6C34-4D28-B55B-DCFAD5312D5A}.Release|x86.ActiveCfg = Release|Any CPU
		{5324E26C-6C34-4D28-B55B-DCFAD5312D5A}.SingleImage|Any CPU.ActiveCfg = Release|Any CPU
		{5324E26C-6C34-4D28-B55B-DCFAD5312D5A}.SingleImage|Any CPU.Build.0 = Release|Any CPU
		{5324E26C-6C34-4D28-B55B-DCFAD5312D5A}.SingleImage|Mixed Platforms.ActiveCfg = Release|Any CPU
		{5324E26C-6C34-4D28-B55B-DCFAD5312D5A}.SingleImage|Mixed Platforms.Build.0 = Release|Any CPU
		{5324E26C-6C34-4D28-B55B-DCFAD5312D5A}.SingleImage|x86.ActiveCfg = Release|Any CPU
		{5324E26C-6C34-4D28-B55B-DCFAD5312D5A}.teste|Any CPU.ActiveCfg = Release|Any CPU
		{5324E26C-6C34-4D28-B55B-DCFAD5312D5A}.teste|Any CPU.Build.0 = Release|Any CPU
		{5324E26C-6C34-4D28-B55B-DCFAD5312D5A}.teste|Mixed Platforms.ActiveCfg = Release|Any CPU
		{5324E26C-6C34-4D28-B55B-DCFAD5312D5A}.teste|Mixed Platforms.Build.0 = Release|Any CPU
		{5324E26C-6C34-4D28-B55B-DCFAD5312D5A}.teste|x86.ActiveCfg = Release|Any CPU
	EndGlobalSection
	GlobalSection(SolutionProperties) = preSolution
		HideSolutionNode = FALSE
	EndGlobalSection
EndGlobal
